
Microsoft Visual Studio Solution File, Format Version 12.00
# Visual Studio Version 17
VisualStudioVersion = 17.14.36915.13 d17.14
MinimumVisualStudioVersion = 10.0.40219.1
Project("{FAE04EC0-301F-11D3-BF4B-00C04F79EFBC}") = "TaskFlow.Entities", "TaskFlow.Entities\TaskFlow.Entities.csproj", "{8A1C494D-A841-41C2-81BE-0DBC11D0072F}"
EndProject
Project("{FAE04EC0-301F-11D3-BF4B-00C04F79EFBC}") = "TaskFlow.DataAccess", "TaskFlow.DataAccess\TaskFlow.DataAccess.csproj", "{3621040F-491A-4FCB-8CD2-6AD4AC74A661}"
EndProject
Project("{FAE04EC0-301F-11D3-BF4B-00C04F79EFBC}") = "TaskFlow.Business", "TaskFlow.Business\TaskFlow.Business.csproj", "{330EDF79-8E03-4B1A-B13F-4E78E523CE73}"
EndProject
Project("{FAE04EC0-301F-11D3-BF4B-00C04F79EFBC}") = "TaskFlow.ConsoleUI", "TaskFlow.ConsoleUI\TaskFlow.ConsoleUI.csproj", "{28BB40E0-13A5-4348-B604-EAB6E3241D70}"
EndProject
Global
	GlobalSection(SolutionConfigurationPlatforms) = preSolution
		Debug|Any CPU = Debug|Any CPU
		Release|Any CPU = Release|Any CPU
	EndGlobalSection
	GlobalSection(ProjectConfigurationPlatforms) = postSolution
		{8A1C494D-A841-41C2-81BE-0DBC11D0072F}.Debug|Any CPU.ActiveCfg = Debug|Any CPU
		{8A1C494D-A841-41C2-81BE-0DBC11D0072F}.Debug|Any CPU.Build.0 = Debug|Any CPU
		{8A1C494D-A841-41C2-81BE-0DBC11D0072F}.Release|Any CPU.ActiveCfg = Release|Any CPU
		{8A1C494D-A841-41C2-81BE-0DBC11D0072F}.Release|Any CPU.Build.0 = Release|Any CPU
		{3621040F-491A-4FCB-8CD2-6AD4AC74A661}.Debug|Any CPU.ActiveCfg = Debug|Any CPU
		{3621040F-491A-4FCB-8CD2-6AD4AC74A661}.Debug|Any CPU.Build.0 = Debug|Any CPU
		{3621040F-491A-4FCB-8CD2-6AD4AC74A661}.Release|Any CPU.ActiveCfg = Release|Any CPU
		{3621040F-491A-4FCB-8CD2-6AD4AC74A661}.Release|Any CPU.Build.0 = Release|Any CPU
		{330EDF79-8E03-4B1A-B13F-4E78E523CE73}.Debug|Any CPU.ActiveCfg = Debug|Any CPU
		{330EDF79-8E03-4B1A-B13F-4E78E523CE73}.Debug|Any CPU.Build.0 = Debug|Any CPU
		{330EDF79-8E03-4B1A-B13F-4E78E523CE73}.Release|Any CPU.ActiveCfg = Release|Any CPU
		{330EDF79-8E03-4B1A-B13F-4E78E523CE73}.Release|Any CPU.Build.0 = Release|Any CPU
		{28BB40E0-13A5-4348-B604-EAB6E3241D70}.Debug|Any CPU.ActiveCfg = Debug|Any CPU
		{28BB40E0-13A5-4348-B604-EAB6E3241D70}.Debug|Any CPU.Build.0 = Debug|Any CPU
		{28BB40E0-13A5-4348-B604-EAB6E3241D70}.Release|Any CPU.ActiveCfg = Release|Any CPU
		{28BB40E0-13A5-4348-B604-EAB6E3241D70}.Release|Any CPU.Build.0 = Release|Any CPU
	EndGlobalSection
	GlobalSection(SolutionProperties) = preSolution
		HideSolutionNode = FALSE
	EndGlobalSection
	GlobalSection(ExtensibilityGlobals) = postSolution
		SolutionGuid = {30BEDA34-89C8-4570-ABF1-D170406B98DE}
	EndGlobalSection
EndGlobal
